
Microsoft Visual Studio Solution File, Format Version 12.00
# Visual Studio Version 16
VisualStudioVersion = 16.0.32228.343
MinimumVisualStudioVersion = 10.0.40219.1
Project("{FAE04EC0-301F-11D3-BF4B-00C04F79EFBC}") = "WebMVCR1", "WebMVCR1.csproj", "{6F843882-F13C-47D1-BE3C-C2761D9691A9}"
EndProject
Global
	GlobalSection(SolutionConfigurationPlatforms) = preSolution
		Debug|Any CPU = Debug|Any CPU
		Release|Any CPU = Release|Any CPU
	EndGlobalSection
	GlobalSection(ProjectConfigurationPlatforms) = postSolution
		{6F843882-F13C-47D1-BE3C-C2761D9691A9}.Debug|Any CPU.ActiveCfg = Debug|Any CPU
		{6F843882-F13C-47D1-BE3C-C2761D9691A9}.Debug|Any CPU.Build.0 = Debug|Any CPU
		{6F843882-F13C-47D1-BE3C-C2761D9691A9}.Release|Any CPU.ActiveCfg = Release|Any CPU
		{6F843882-F13C-47D1-BE3C-C2761D9691A9}.Release|Any CPU.Build.0 = Release|Any CPU
	EndGlobalSection
	GlobalSection(SolutionProperties) = preSolution
		HideSolutionNode = FALSE
	EndGlobalSection
	GlobalSection(ExtensibilityGlobals) = postSolution
		SolutionGuid = {C11ED7C4-2E4A-4A43-BCA3-26B886ECB251}
	EndGlobalSection
EndGlobal
